// !$*UTF8*$!
{
	archiveVersion = 1;
	classes = {
	};
	objectVersion = 46;
	objects = {

/* Begin PBXBuildFile section */
		B51837981CF5016200527459 /* DefaultHeaderCell.swift in Sources */ = {isa = PBXBuildFile; fileRef = B51837921CF5016200527459 /* DefaultHeaderCell.swift */; };
		B51837991CF5016200527459 /* EventCell.swift in Sources */ = {isa = PBXBuildFile; fileRef = B51837931CF5016200527459 /* EventCell.swift */; };
		B518379A1CF5016200527459 /* MemberHeaderCell.swift in Sources */ = {isa = PBXBuildFile; fileRef = B51837941CF5016200527459 /* MemberHeaderCell.swift */; };
		B518379B1CF5016200527459 /* vwDefaultHeaderCell.xib in Resources */ = {isa = PBXBuildFile; fileRef = B51837951CF5016200527459 /* vwDefaultHeaderCell.xib */; };
		B518379C1CF5016200527459 /* vwEventCell.xib in Resources */ = {isa = PBXBuildFile; fileRef = B51837961CF5016200527459 /* vwEventCell.xib */; };
		B518379D1CF5016200527459 /* vwMemberHeaderCell.xib in Resources */ = {isa = PBXBuildFile; fileRef = B51837971CF5016200527459 /* vwMemberHeaderCell.xib */; };
		B518379F1CF5064400527459 /* Event.swift in Sources */ = {isa = PBXBuildFile; fileRef = B518379E1CF5064400527459 /* Event.swift */; };
		B51837A11CF5066400527459 /* Member.swift in Sources */ = {isa = PBXBuildFile; fileRef = B51837A01CF5066400527459 /* Member.swift */; };
		B51837A31CF50F2100527459 /* EventApi.swift in Sources */ = {isa = PBXBuildFile; fileRef = B51837A21CF50F2100527459 /* EventApi.swift */; };
		B53BFCDE1CDA0DDF00AF6912 /* RestManager.swift in Sources */ = {isa = PBXBuildFile; fileRef = B53BFCDD1CDA0DDF00AF6912 /* RestManager.swift */; };
		B53F27541CEB74E000C09AE4 /* MemberCell.swift in Sources */ = {isa = PBXBuildFile; fileRef = B53F27531CEB74E000C09AE4 /* MemberCell.swift */; };
		B5ACF2FB1CEB72C4005E57FD /* vwMemberCell.xib in Resources */ = {isa = PBXBuildFile; fileRef = B5ACF2FA1CEB72C4005E57FD /* vwMemberCell.xib */; };
		B5E54D531CAB1CE200E00F8C /* AppDelegate.swift in Sources */ = {isa = PBXBuildFile; fileRef = B5E54D521CAB1CE200E00F8C /* AppDelegate.swift */; };
		B5E54D551CAB1CE200E00F8C /* AttendanceEventController.swift in Sources */ = {isa = PBXBuildFile; fileRef = B5E54D541CAB1CE200E00F8C /* AttendanceEventController.swift */; };
		B5E54D571CAB1CE200E00F8C /* AttendanceMemberController.swift in Sources */ = {isa = PBXBuildFile; fileRef = B5E54D561CAB1CE200E00F8C /* AttendanceMemberController.swift */; };
		B5E54D5A1CAB1CE200E00F8C /* Main.storyboard in Resources */ = {isa = PBXBuildFile; fileRef = B5E54D581CAB1CE200E00F8C /* Main.storyboard */; };
		B5E54D5C1CAB1CE200E00F8C /* Assets.xcassets in Resources */ = {isa = PBXBuildFile; fileRef = B5E54D5B1CAB1CE200E00F8C /* Assets.xcassets */; };
		B5E54D5F1CAB1CE200E00F8C /* LaunchScreen.storyboard in Resources */ = {isa = PBXBuildFile; fileRef = B5E54D5D1CAB1CE200E00F8C /* LaunchScreen.storyboard */; };
		B5E54D6A1CAB1CE200E00F8C /* attendanceCheckTests.swift in Sources */ = {isa = PBXBuildFile; fileRef = B5E54D691CAB1CE200E00F8C /* attendanceCheckTests.swift */; };
		B5FCC1231D197C740019D22A /* GlobalSplitViewController.swift in Sources */ = {isa = PBXBuildFile; fileRef = B5FCC1221D197C740019D22A /* GlobalSplitViewController.swift */; };
		B5FCC1271D1983B20019D22A /* EventController.swift in Sources */ = {isa = PBXBuildFile; fileRef = B5FCC1261D1983B20019D22A /* EventController.swift */; };
		B5FCC1291D1988A30019D22A /* MemberController.swift in Sources */ = {isa = PBXBuildFile; fileRef = B5FCC1281D1988A30019D22A /* MemberController.swift */; };
		B5FCC12B1D198A1D0019D22A /* MemberApi.swift in Sources */ = {isa = PBXBuildFile; fileRef = B5FCC12A1D198A1D0019D22A /* MemberApi.swift */; };
		B5FCC12D1D198C6D0019D22A /* MemberType.swift in Sources */ = {isa = PBXBuildFile; fileRef = B5FCC12C1D198C6D0019D22A /* MemberType.swift */; };
		B5FCC12F1D1B1DB50019D22A /* AttendanceApi.swift in Sources */ = {isa = PBXBuildFile; fileRef = B5FCC12E1D1B1DB50019D22A /* AttendanceApi.swift */; };
		B5FCC1311D1B1E480019D22A /* Attendance.swift in Sources */ = {isa = PBXBuildFile; fileRef = B5FCC1301D1B1E480019D22A /* Attendance.swift */; };
/* End PBXBuildFile section */

/* Begin PBXContainerItemProxy section */
		B5E54D661CAB1CE200E00F8C /* PBXContainerItemProxy */ = {
			isa = PBXContainerItemProxy;
			containerPortal = B5E54D471CAB1CE200E00F8C /* Project object */;
			proxyType = 1;
			remoteGlobalIDString = B5E54D4E1CAB1CE200E00F8C;
			remoteInfo = attendanceCheck;
		};
/* End PBXContainerItemProxy section */

/* Begin PBXFileReference section */
		B51837921CF5016200527459 /* DefaultHeaderCell.swift */ = {isa = PBXFileReference; fileEncoding = 4; lastKnownFileType = sourcecode.swift; path = DefaultHeaderCell.swift; sourceTree = "<group>"; };
		B51837931CF5016200527459 /* EventCell.swift */ = {isa = PBXFileReference; fileEncoding = 4; lastKnownFileType = sourcecode.swift; path = EventCell.swift; sourceTree = "<group>"; };
		B51837941CF5016200527459 /* MemberHeaderCell.swift */ = {isa = PBXFileReference; fileEncoding = 4; lastKnownFileType = sourcecode.swift; path = MemberHeaderCell.swift; sourceTree = "<group>"; };
		B51837951CF5016200527459 /* vwDefaultHeaderCell.xib */ = {isa = PBXFileReference; fileEncoding = 4; lastKnownFileType = file.xib; path = vwDefaultHeaderCell.xib; sourceTree = "<group>"; };
		B51837961CF5016200527459 /* vwEventCell.xib */ = {isa = PBXFileReference; fileEncoding = 4; lastKnownFileType = file.xib; path = vwEventCell.xib; sourceTree = "<group>"; };
		B51837971CF5016200527459 /* vwMemberHeaderCell.xib */ = {isa = PBXFileReference; fileEncoding = 4; lastKnownFileType = file.xib; path = vwMemberHeaderCell.xib; sourceTree = "<group>"; };
		B518379E1CF5064400527459 /* Event.swift */ = {isa = PBXFileReference; fileEncoding = 4; lastKnownFileType = sourcecode.swift; path = Event.swift; sourceTree = "<group>"; };
		B51837A01CF5066400527459 /* Member.swift */ = {isa = PBXFileReference; fileEncoding = 4; lastKnownFileType = sourcecode.swift; path = Member.swift; sourceTree = "<group>"; };
		B51837A21CF50F2100527459 /* EventApi.swift */ = {isa = PBXFileReference; fileEncoding = 4; lastKnownFileType = sourcecode.swift; path = EventApi.swift; sourceTree = "<group>"; };
		B53BFCDD1CDA0DDF00AF6912 /* RestManager.swift */ = {isa = PBXFileReference; fileEncoding = 4; lastKnownFileType = sourcecode.swift; path = RestManager.swift; sourceTree = "<group>"; };
		B53F27531CEB74E000C09AE4 /* MemberCell.swift */ = {isa = PBXFileReference; fileEncoding = 4; lastKnownFileType = sourcecode.swift; path = MemberCell.swift; sourceTree = "<group>"; };
		B5ACF2FA1CEB72C4005E57FD /* vwMemberCell.xib */ = {isa = PBXFileReference; fileEncoding = 4; lastKnownFileType = file.xib; path = vwMemberCell.xib; sourceTree = "<group>"; };
		B5E54D4F1CAB1CE200E00F8C /* attendanceCheck.app */ = {isa = PBXFileReference; explicitFileType = wrapper.application; includeInIndex = 0; path = attendanceCheck.app; sourceTree = BUILT_PRODUCTS_DIR; };
		B5E54D521CAB1CE200E00F8C /* AppDelegate.swift */ = {isa = PBXFileReference; lastKnownFileType = sourcecode.swift; path = AppDelegate.swift; sourceTree = "<group>"; };
		B5E54D541CAB1CE200E00F8C /* AttendanceEventController.swift */ = {isa = PBXFileReference; lastKnownFileType = sourcecode.swift; path = AttendanceEventController.swift; sourceTree = "<group>"; };
		B5E54D561CAB1CE200E00F8C /* AttendanceMemberController.swift */ = {isa = PBXFileReference; lastKnownFileType = sourcecode.swift; path = AttendanceMemberController.swift; sourceTree = "<group>"; };
		B5E54D591CAB1CE200E00F8C /* Base */ = {isa = PBXFileReference; lastKnownFileType = file.storyboard; name = Base; path = Base.lproj/Main.storyboard; sourceTree = "<group>"; };
		B5E54D5B1CAB1CE200E00F8C /* Assets.xcassets */ = {isa = PBXFileReference; lastKnownFileType = folder.assetcatalog; path = Assets.xcassets; sourceTree = "<group>"; };
		B5E54D5E1CAB1CE200E00F8C /* Base */ = {isa = PBXFileReference; lastKnownFileType = file.storyboard; name = Base; path = Base.lproj/LaunchScreen.storyboard; sourceTree = "<group>"; };
		B5E54D601CAB1CE200E00F8C /* Info.plist */ = {isa = PBXFileReference; lastKnownFileType = text.plist.xml; path = Info.plist; sourceTree = "<group>"; };
		B5E54D651CAB1CE200E00F8C /* attendanceCheckTests.xctest */ = {isa = PBXFileReference; explicitFileType = wrapper.cfbundle; includeInIndex = 0; path = attendanceCheckTests.xctest; sourceTree = BUILT_PRODUCTS_DIR; };
		B5E54D691CAB1CE200E00F8C /* attendanceCheckTests.swift */ = {isa = PBXFileReference; lastKnownFileType = sourcecode.swift; path = attendanceCheckTests.swift; sourceTree = "<group>"; };
		B5E54D6B1CAB1CE200E00F8C /* Info.plist */ = {isa = PBXFileReference; lastKnownFileType = text.plist.xml; path = Info.plist; sourceTree = "<group>"; };
		B5FCC1221D197C740019D22A /* GlobalSplitViewController.swift */ = {isa = PBXFileReference; fileEncoding = 4; lastKnownFileType = sourcecode.swift; path = GlobalSplitViewController.swift; sourceTree = "<group>"; };
		B5FCC1261D1983B20019D22A /* EventController.swift */ = {isa = PBXFileReference; fileEncoding = 4; lastKnownFileType = sourcecode.swift; path = EventController.swift; sourceTree = "<group>"; };
		B5FCC1281D1988A30019D22A /* MemberController.swift */ = {isa = PBXFileReference; fileEncoding = 4; lastKnownFileType = sourcecode.swift; path = MemberController.swift; sourceTree = "<group>"; };
		B5FCC12A1D198A1D0019D22A /* MemberApi.swift */ = {isa = PBXFileReference; fileEncoding = 4; lastKnownFileType = sourcecode.swift; path = MemberApi.swift; sourceTree = "<group>"; };
		B5FCC12C1D198C6D0019D22A /* MemberType.swift */ = {isa = PBXFileReference; fileEncoding = 4; lastKnownFileType = sourcecode.swift; path = MemberType.swift; sourceTree = "<group>"; };
		B5FCC12E1D1B1DB50019D22A /* AttendanceApi.swift */ = {isa = PBXFileReference; fileEncoding = 4; lastKnownFileType = sourcecode.swift; path = AttendanceApi.swift; sourceTree = "<group>"; };
		B5FCC1301D1B1E480019D22A /* Attendance.swift */ = {isa = PBXFileReference; fileEncoding = 4; lastKnownFileType = sourcecode.swift; path = Attendance.swift; sourceTree = "<group>"; };
/* End PBXFileReference section */

/* Begin PBXFrameworksBuildPhase section */
		B5E54D4C1CAB1CE200E00F8C /* Frameworks */ = {
			isa = PBXFrameworksBuildPhase;
			buildActionMask = 2147483647;
			files = (
			);
			runOnlyForDeploymentPostprocessing = 0;
		};
		B5E54D621CAB1CE200E00F8C /* Frameworks */ = {
			isa = PBXFrameworksBuildPhase;
			buildActionMask = 2147483647;
			files = (
			);
			runOnlyForDeploymentPostprocessing = 0;
		};
/* End PBXFrameworksBuildPhase section */

/* Begin PBXGroup section */
		B53BFCD71CD948C600AF6912 /* Models */ = {
			isa = PBXGroup;
			children = (
				B518379E1CF5064400527459 /* Event.swift */,
				B51837A01CF5066400527459 /* Member.swift */,
				B5FCC12C1D198C6D0019D22A /* MemberType.swift */,
				B5FCC1301D1B1E480019D22A /* Attendance.swift */,
			);
			name = Models;
			sourceTree = "<group>";
		};
		B53BFCDC1CDA0DAA00AF6912 /* Webservice */ = {
			isa = PBXGroup;
			children = (
				B53BFCDD1CDA0DDF00AF6912 /* RestManager.swift */,
				B51837A21CF50F2100527459 /* EventApi.swift */,
				B5FCC12A1D198A1D0019D22A /* MemberApi.swift */,
				B5FCC12E1D1B1DB50019D22A /* AttendanceApi.swift */,
			);
			name = Webservice;
			sourceTree = "<group>";
		};
		B53F27571CEBA35400C09AE4 /* Scenes */ = {
			isa = PBXGroup;
			children = (
				B5E54D561CAB1CE200E00F8C /* AttendanceMemberController.swift */,
				B5FCC1261D1983B20019D22A /* EventController.swift */,
				B5FCC1221D197C740019D22A /* GlobalSplitViewController.swift */,
				B5E54D541CAB1CE200E00F8C /* AttendanceEventController.swift */,
				B5FCC1281D1988A30019D22A /* MemberController.swift */,
			);
			name = Scenes;
			sourceTree = "<group>";
		};
		B53F27581CEBA37500C09AE4 /* Common */ = {
			isa = PBXGroup;
			children = (
				B53F27591CEBA37B00C09AE4 /* Views */,
			);
			name = Common;
			sourceTree = "<group>";
		};
		B53F27591CEBA37B00C09AE4 /* Views */ = {
			isa = PBXGroup;
			children = (
				B51837921CF5016200527459 /* DefaultHeaderCell.swift */,
				B51837931CF5016200527459 /* EventCell.swift */,
				B53F27531CEB74E000C09AE4 /* MemberCell.swift */,
				B51837941CF5016200527459 /* MemberHeaderCell.swift */,
				B51837951CF5016200527459 /* vwDefaultHeaderCell.xib */,
				B51837961CF5016200527459 /* vwEventCell.xib */,
				B5ACF2FA1CEB72C4005E57FD /* vwMemberCell.xib */,
				B51837971CF5016200527459 /* vwMemberHeaderCell.xib */,
			);
			name = Views;
			sourceTree = "<group>";
		};
		B5E54D461CAB1CE200E00F8C = {
			isa = PBXGroup;
			children = (
				B5E54D511CAB1CE200E00F8C /* attendanceCheck */,
				B5E54D681CAB1CE200E00F8C /* attendanceCheckTests */,
				B5E54D501CAB1CE200E00F8C /* Products */,
			);
			sourceTree = "<group>";
		};
		B5E54D501CAB1CE200E00F8C /* Products */ = {
			isa = PBXGroup;
			children = (
				B5E54D4F1CAB1CE200E00F8C /* attendanceCheck.app */,
				B5E54D651CAB1CE200E00F8C /* attendanceCheckTests.xctest */,
			);
			name = Products;
			sourceTree = "<group>";
		};
		B5E54D511CAB1CE200E00F8C /* attendanceCheck */ = {
			isa = PBXGroup;
			children = (
				B53F27581CEBA37500C09AE4 /* Common */,
				B53BFCD71CD948C600AF6912 /* Models */,
				B53F27571CEBA35400C09AE4 /* Scenes */,
				B53BFCDC1CDA0DAA00AF6912 /* Webservice */,
				B5E54D521CAB1CE200E00F8C /* AppDelegate.swift */,
				B5E54D581CAB1CE200E00F8C /* Main.storyboard */,
				B5E54D5B1CAB1CE200E00F8C /* Assets.xcassets */,
				B5E54D5D1CAB1CE200E00F8C /* LaunchScreen.storyboard */,
				B5E54D601CAB1CE200E00F8C /* Info.plist */,
			);
			path = attendanceCheck;
			sourceTree = "<group>";
		};
		B5E54D681CAB1CE200E00F8C /* attendanceCheckTests */ = {
			isa = PBXGroup;
			children = (
				B5E54D691CAB1CE200E00F8C /* attendanceCheckTests.swift */,
				B5E54D6B1CAB1CE200E00F8C /* Info.plist */,
			);
			path = attendanceCheckTests;
			sourceTree = "<group>";
		};
/* End PBXGroup section */

/* Begin PBXNativeTarget section */
		B5E54D4E1CAB1CE200E00F8C /* attendanceCheck */ = {
			isa = PBXNativeTarget;
			buildConfigurationList = B5E54D6E1CAB1CE200E00F8C /* Build configuration list for PBXNativeTarget "attendanceCheck" */;
			buildPhases = (
				B5E54D4B1CAB1CE200E00F8C /* Sources */,
				B5E54D4C1CAB1CE200E00F8C /* Frameworks */,
				B5E54D4D1CAB1CE200E00F8C /* Resources */,
			);
			buildRules = (
			);
			dependencies = (
			);
			name = attendanceCheck;
			productName = attendanceCheck;
			productReference = B5E54D4F1CAB1CE200E00F8C /* attendanceCheck.app */;
			productType = "com.apple.product-type.application";
		};
		B5E54D641CAB1CE200E00F8C /* attendanceCheckTests */ = {
			isa = PBXNativeTarget;
			buildConfigurationList = B5E54D711CAB1CE200E00F8C /* Build configuration list for PBXNativeTarget "attendanceCheckTests" */;
			buildPhases = (
				B5E54D611CAB1CE200E00F8C /* Sources */,
				B5E54D621CAB1CE200E00F8C /* Frameworks */,
				B5E54D631CAB1CE200E00F8C /* Resources */,
			);
			buildRules = (
			);
			dependencies = (
				B5E54D671CAB1CE200E00F8C /* PBXTargetDependency */,
			);
			name = attendanceCheckTests;
			productName = attendanceCheckTests;
			productReference = B5E54D651CAB1CE200E00F8C /* attendanceCheckTests.xctest */;
			productType = "com.apple.product-type.bundle.unit-test";
		};
/* End PBXNativeTarget section */

/* Begin PBXProject section */
		B5E54D471CAB1CE200E00F8C /* Project object */ = {
			isa = PBXProject;
			attributes = {
				LastSwiftUpdateCheck = 0730;
				LastUpgradeCheck = 0730;
				ORGANIZATIONNAME = Fanky;
				TargetAttributes = {
					B5E54D4E1CAB1CE200E00F8C = {
						CreatedOnToolsVersion = 7.3;
					};
					B5E54D641CAB1CE200E00F8C = {
						CreatedOnToolsVersion = 7.3;
						TestTargetID = B5E54D4E1CAB1CE200E00F8C;
					};
				};
			};
			buildConfigurationList = B5E54D4A1CAB1CE200E00F8C /* Build configuration list for PBXProject "attendanceCheck" */;
			compatibilityVersion = "Xcode 3.2";
			developmentRegion = English;
			hasScannedForEncodings = 0;
			knownRegions = (
				en,
				Base,
			);
			mainGroup = B5E54D461CAB1CE200E00F8C;
			productRefGroup = B5E54D501CAB1CE200E00F8C /* Products */;
			projectDirPath = "";
			projectRoot = "";
			targets = (
				B5E54D4E1CAB1CE200E00F8C /* attendanceCheck */,
				B5E54D641CAB1CE200E00F8C /* attendanceCheckTests */,
			);
		};
/* End PBXProject section */

/* Begin PBXResourcesBuildPhase section */
		B5E54D4D1CAB1CE200E00F8C /* Resources */ = {
			isa = PBXResourcesBuildPhase;
			buildActionMask = 2147483647;
			files = (
				B518379D1CF5016200527459 /* vwMemberHeaderCell.xib in Resources */,
				B5E54D5F1CAB1CE200E00F8C /* LaunchScreen.storyboard in Resources */,
				B5E54D5C1CAB1CE200E00F8C /* Assets.xcassets in Resources */,
				B518379B1CF5016200527459 /* vwDefaultHeaderCell.xib in Resources */,
				B518379C1CF5016200527459 /* vwEventCell.xib in Resources */,
				B5ACF2FB1CEB72C4005E57FD /* vwMemberCell.xib in Resources */,
				B5E54D5A1CAB1CE200E00F8C /* Main.storyboard in Resources */,
			);
			runOnlyForDeploymentPostprocessing = 0;
		};
		B5E54D631CAB1CE200E00F8C /* Resources */ = {
			isa = PBXResourcesBuildPhase;
			buildActionMask = 2147483647;
			files = (
			);
			runOnlyForDeploymentPostprocessing = 0;
		};
/* End PBXResourcesBuildPhase section */

/* Begin PBXSourcesBuildPhase section */
		B5E54D4B1CAB1CE200E00F8C /* Sources */ = {
			isa = PBXSourcesBuildPhase;
			buildActionMask = 2147483647;
			files = (
				B5FCC12B1D198A1D0019D22A /* MemberApi.swift in Sources */,
				B51837981CF5016200527459 /* DefaultHeaderCell.swift in Sources */,
				B5FCC1291D1988A30019D22A /* MemberController.swift in Sources */,
				B518379F1CF5064400527459 /* Event.swift in Sources */,
				B51837991CF5016200527459 /* EventCell.swift in Sources */,
				B5FCC12D1D198C6D0019D22A /* MemberType.swift in Sources */,
				B5FCC1311D1B1E480019D22A /* Attendance.swift in Sources */,
				B5E54D571CAB1CE200E00F8C /* AttendanceMemberController.swift in Sources */,
				B5FCC1271D1983B20019D22A /* EventController.swift in Sources */,
				B5E54D551CAB1CE200E00F8C /* AttendanceEventController.swift in Sources */,
				B5FCC12F1D1B1DB50019D22A /* AttendanceApi.swift in Sources */,
				B51837A31CF50F2100527459 /* EventApi.swift in Sources */,
				B5E54D531CAB1CE200E00F8C /* AppDelegate.swift in Sources */,
				B53BFCDE1CDA0DDF00AF6912 /* RestManager.swift in Sources */,
				B53F27541CEB74E000C09AE4 /* MemberCell.swift in Sources */,
				B518379A1CF5016200527459 /* MemberHeaderCell.swift in Sources */,
				B5FCC1231D197C740019D22A /* GlobalSplitViewController.swift in Sources */,
				B51837A11CF5066400527459 /* Member.swift in Sources */,
			);
			runOnlyForDeploymentPostprocessing = 0;
		};
		B5E54D611CAB1CE200E00F8C /* Sources */ = {
			isa = PBXSourcesBuildPhase;
			buildActionMask = 2147483647;
			files = (
				B5E54D6A1CAB1CE200E00F8C /* attendanceCheckTests.swift in Sources */,
			);
			runOnlyForDeploymentPostprocessing = 0;
		};
/* End PBXSourcesBuildPhase section */

/* Begin PBXTargetDependency section */
		B5E54D671CAB1CE200E00F8C /* PBXTargetDependency */ = {
			isa = PBXTargetDependency;
			target = B5E54D4E1CAB1CE200E00F8C /* attendanceCheck */;
			targetProxy = B5E54D661CAB1CE200E00F8C /* PBXContainerItemProxy */;
		};
/* End PBXTargetDependency section */

/* Begin PBXVariantGroup section */
		B5E54D581CAB1CE200E00F8C /* Main.storyboard */ = {
			isa = PBXVariantGroup;
			children = (
				B5E54D591CAB1CE200E00F8C /* Base */,
			);
			name = Main.storyboard;
			sourceTree = "<group>";
		};
		B5E54D5D1CAB1CE200E00F8C /* LaunchScreen.storyboard */ = {
			isa = PBXVariantGroup;
			children = (
				B5E54D5E1CAB1CE200E00F8C /* Base */,
			);
			name = LaunchScreen.storyboard;
			sourceTree = "<group>";
		};
/* End PBXVariantGroup section */

/* Begin XCBuildConfiguration section */
		B5E54D6C1CAB1CE200E00F8C /* Debug */ = {
			isa = XCBuildConfiguration;
			buildSettings = {
				ALWAYS_SEARCH_USER_PATHS = NO;
				CLANG_ANALYZER_NONNULL = YES;
				CLANG_CXX_LANGUAGE_STANDARD = "gnu++0x";
				CLANG_CXX_LIBRARY = "libc++";
				CLANG_ENABLE_MODULES = YES;
				CLANG_ENABLE_OBJC_ARC = YES;
				CLANG_WARN_BOOL_CONVERSION = YES;
				CLANG_WARN_CONSTANT_CONVERSION = YES;
				CLANG_WARN_DIRECT_OBJC_ISA_USAGE = YES_ERROR;
				CLANG_WARN_EMPTY_BODY = YES;
				CLANG_WARN_ENUM_CONVERSION = YES;
				CLANG_WARN_INT_CONVERSION = YES;
				CLANG_WARN_OBJC_ROOT_CLASS = YES_ERROR;
				CLANG_WARN_UNREACHABLE_CODE = YES;
				CLANG_WARN__DUPLICATE_METHOD_MATCH = YES;
				"CODE_SIGN_IDENTITY[sdk=iphoneos*]" = "iPhone Developer";
				COPY_PHASE_STRIP = NO;
				DEBUG_INFORMATION_FORMAT = dwarf;
				ENABLE_STRICT_OBJC_MSGSEND = YES;
				ENABLE_TESTABILITY = YES;
				GCC_C_LANGUAGE_STANDARD = gnu99;
				GCC_DYNAMIC_NO_PIC = NO;
				GCC_NO_COMMON_BLOCKS = YES;
				GCC_OPTIMIZATION_LEVEL = 0;
				GCC_PREPROCESSOR_DEFINITIONS = (
					"DEBUG=1",
					"$(inherited)",
				);
				GCC_WARN_64_TO_32_BIT_CONVERSION = YES;
				GCC_WARN_ABOUT_RETURN_TYPE = YES_ERROR;
				GCC_WARN_UNDECLARED_SELECTOR = YES;
				GCC_WARN_UNINITIALIZED_AUTOS = YES_AGGRESSIVE;
				GCC_WARN_UNUSED_FUNCTION = YES;
				GCC_WARN_UNUSED_VARIABLE = YES;
				IPHONEOS_DEPLOYMENT_TARGET = 9.3;
				MTL_ENABLE_DEBUG_INFO = YES;
				ONLY_ACTIVE_ARCH = YES;
				SDKROOT = iphoneos;
				SWIFT_OPTIMIZATION_LEVEL = "-Onone";
				TARGETED_DEVICE_FAMILY = "1,2";
			};
			name = Debug;
		};
		B5E54D6D1CAB1CE200E00F8C /* Release */ = {
			isa = XCBuildConfiguration;
			buildSettings = {
				ALWAYS_SEARCH_USER_PATHS = NO;
				CLANG_ANALYZER_NONNULL = YES;
				CLANG_CXX_LANGUAGE_STANDARD = "gnu++0x";
				CLANG_CXX_LIBRARY = "libc++";
				CLANG_ENABLE_MODULES = YES;
				CLANG_ENABLE_OBJC_ARC = YES;
				CLANG_WARN_BOOL_CONVERSION = YES;
				CLANG_WARN_CONSTANT_CONVERSION = YES;
				CLANG_WARN_DIRECT_OBJC_ISA_USAGE = YES_ERROR;
				CLANG_WARN_EMPTY_BODY = YES;
				CLANG_WARN_ENUM_CONVERSION = YES;
				CLANG_WARN_INT_CONVERSION = YES;
				CLANG_WARN_OBJC_ROOT_CLASS = YES_ERROR;
				CLANG_WARN_UNREACHABLE_CODE = YES;
				CLANG_WARN__DUPLICATE_METHOD_MATCH = YES;
				"CODE_SIGN_IDENTITY[sdk=iphoneos*]" = "iPhone Developer";
				COPY_PHASE_STRIP = NO;
				DEBUG_INFORMATION_FORMAT = "dwarf-with-dsym";
				ENABLE_NS_ASSERTIONS = NO;
				ENABLE_STRICT_OBJC_MSGSEND = YES;
				GCC_C_LANGUAGE_STANDARD = gnu99;
				GCC_NO_COMMON_BLOCKS = YES;
				GCC_WARN_64_TO_32_BIT_CONVERSION = YES;
				GCC_WARN_ABOUT_RETURN_TYPE = YES_ERROR;
				GCC_WARN_UNDECLARED_SELECTOR = YES;
				GCC_WARN_UNINITIALIZED_AUTOS = YES_AGGRESSIVE;
				GCC_WARN_UNUSED_FUNCTION = YES;
				GCC_WARN_UNUSED_VARIABLE = YES;
				IPHONEOS_DEPLOYMENT_TARGET = 9.3;
				MTL_ENABLE_DEBUG_INFO = NO;
				SDKROOT = iphoneos;
				TARGETED_DEVICE_FAMILY = "1,2";
				VALIDATE_PRODUCT = YES;
			};
			name = Release;
		};
		B5E54D6F1CAB1CE200E00F8C /* Debug */ = {
			isa = XCBuildConfiguration;
			buildSettings = {
				ASSETCATALOG_COMPILER_APPICON_NAME = AppIcon;
				INFOPLIST_FILE = attendanceCheck/Info.plist;
				LD_RUNPATH_SEARCH_PATHS = "$(inherited) @executable_path/Frameworks";
				PRODUCT_BUNDLE_IDENTIFIER = ch.bfh.attendanceCheck;
				PRODUCT_NAME = "$(TARGET_NAME)";
			};
			name = Debug;
		};
		B5E54D701CAB1CE200E00F8C /* Release */ = {
			isa = XCBuildConfiguration;
			buildSettings = {
				ASSETCATALOG_COMPILER_APPICON_NAME = AppIcon;
				INFOPLIST_FILE = attendanceCheck/Info.plist;
				LD_RUNPATH_SEARCH_PATHS = "$(inherited) @executable_path/Frameworks";
				PRODUCT_BUNDLE_IDENTIFIER = ch.bfh.attendanceCheck;
				PRODUCT_NAME = "$(TARGET_NAME)";
			};
			name = Release;
		};
		B5E54D721CAB1CE200E00F8C /* Debug */ = {
			isa = XCBuildConfiguration;
			buildSettings = {
				BUNDLE_LOADER = "$(TEST_HOST)";
				INFOPLIST_FILE = attendanceCheckTests/Info.plist;
				LD_RUNPATH_SEARCH_PATHS = "$(inherited) @executable_path/Frameworks @loader_path/Frameworks";
				PRODUCT_BUNDLE_IDENTIFIER = ch.bfh.attendanceCheckTests;
				PRODUCT_NAME = "$(TARGET_NAME)";
				TEST_HOST = "$(BUILT_PRODUCTS_DIR)/attendanceCheck.app/attendanceCheck";
			};
			name = Debug;
		};
		B5E54D731CAB1CE200E00F8C /* Release */ = {
			isa = XCBuildConfiguration;
			buildSettings = {
				BUNDLE_LOADER = "$(TEST_HOST)";
				INFOPLIST_FILE = attendanceCheckTests/Info.plist;
				LD_RUNPATH_SEARCH_PATHS = "$(inherited) @executable_path/Frameworks @loader_path/Frameworks";
				PRODUCT_BUNDLE_IDENTIFIER = ch.bfh.attendanceCheckTests;
				PRODUCT_NAME = "$(TARGET_NAME)";
				TEST_HOST = "$(BUILT_PRODUCTS_DIR)/attendanceCheck.app/attendanceCheck";
			};
			name = Release;
		};
/* End XCBuildConfiguration section */

/* Begin XCConfigurationList section */
		B5E54D4A1CAB1CE200E00F8C /* Build configuration list for PBXProject "attendanceCheck" */ = {
			isa = XCConfigurationList;
			buildConfigurations = (
				B5E54D6C1CAB1CE200E00F8C /* Debug */,
				B5E54D6D1CAB1CE200E00F8C /* Release */,
			);
			defaultConfigurationIsVisible = 0;
			defaultConfigurationName = Release;
		};
		B5E54D6E1CAB1CE200E00F8C /* Build configuration list for PBXNativeTarget "attendanceCheck" */ = {
			isa = XCConfigurationList;
			buildConfigurations = (
				B5E54D6F1CAB1CE200E00F8C /* Debug */,
				B5E54D701CAB1CE200E00F8C /* Release */,
			);
			defaultConfigurationIsVisible = 0;
			defaultConfigurationName = Release;
		};
		B5E54D711CAB1CE200E00F8C /* Build configuration list for PBXNativeTarget "attendanceCheckTests" */ = {
			isa = XCConfigurationList;
			buildConfigurations = (
				B5E54D721CAB1CE200E00F8C /* Debug */,
				B5E54D731CAB1CE200E00F8C /* Release */,
			);
			defaultConfigurationIsVisible = 0;
			defaultConfigurationName = Release;
		};
/* End XCConfigurationList section */
	};
	rootObject = B5E54D471CAB1CE200E00F8C /* Project object */;
}
